// !$*UTF8*$!
{
	archiveVersion = 1;
	classes = {
	};
	objectVersion = 50;
	objects = {

/* Begin PBXBuildFile section */
		2C813ECC238B24AA001144FF /* AppDelegate.swift in Sources */ = {isa = PBXBuildFile; fileRef = 2C813ECB238B24AA001144FF /* AppDelegate.swift */; };
		2C813ECE238B24AA001144FF /* ContentView.swift in Sources */ = {isa = PBXBuildFile; fileRef = 2C813ECD238B24AA001144FF /* ContentView.swift */; };
		2C813ED0238B24AD001144FF /* Assets.xcassets in Resources */ = {isa = PBXBuildFile; fileRef = 2C813ECF238B24AD001144FF /* Assets.xcassets */; };
		2C813ED3238B24AD001144FF /* Preview Assets.xcassets in Resources */ = {isa = PBXBuildFile; fileRef = 2C813ED2238B24AD001144FF /* Preview Assets.xcassets */; };
		2C813ED6238B24AD001144FF /* Main.storyboard in Resources */ = {isa = PBXBuildFile; fileRef = 2C813ED4238B24AD001144FF /* Main.storyboard */; };
		2C813EE2238B24AE001144FF /* SimpleAppTests.swift in Sources */ = {isa = PBXBuildFile; fileRef = 2C813EE1238B24AE001144FF /* SimpleAppTests.swift */; };
		2C813EED238B24AE001144FF /* SimpleAppUITests.swift in Sources */ = {isa = PBXBuildFile; fileRef = 2C813EEC238B24AE001144FF /* SimpleAppUITests.swift */; };
/* End PBXBuildFile section */

/* Begin PBXContainerItemProxy section */
		2C813EDE238B24AE001144FF /* PBXContainerItemProxy */ = {
			isa = PBXContainerItemProxy;
			containerPortal = 2C813EC0238B24AA001144FF /* Project object */;
			proxyType = 1;
			remoteGlobalIDString = 2C813EC7238B24AA001144FF;
			remoteInfo = SimpleApp;
		};
		2C813EE9238B24AE001144FF /* PBXContainerItemProxy */ = {
			isa = PBXContainerItemProxy;
			containerPortal = 2C813EC0238B24AA001144FF /* Project object */;
			proxyType = 1;
			remoteGlobalIDString = 2C813EC7238B24AA001144FF;
			remoteInfo = SimpleApp;
		};
/* End PBXContainerItemProxy section */

/* Begin PBXFileReference section */
		2C813EC8238B24AA001144FF /* SimpleApp.app */ = {isa = PBXFileReference; explicitFileType = wrapper.application; includeInIndex = 0; path = SimpleApp.app; sourceTree = BUILT_PRODUCTS_DIR; };
		2C813ECB238B24AA001144FF /* AppDelegate.swift */ = {isa = PBXFileReference; lastKnownFileType = sourcecode.swift; path = AppDelegate.swift; sourceTree = "<group>"; };
		2C813ECD238B24AA001144FF /* ContentView.swift */ = {isa = PBXFileReference; lastKnownFileType = sourcecode.swift; path = ContentView.swift; sourceTree = "<group>"; };
		2C813ECF238B24AD001144FF /* Assets.xcassets */ = {isa = PBXFileReference; lastKnownFileType = folder.assetcatalog; path = Assets.xcassets; sourceTree = "<group>"; };
		2C813ED2238B24AD001144FF /* Preview Assets.xcassets */ = {isa = PBXFileReference; lastKnownFileType = folder.assetcatalog; path = "Preview Assets.xcassets"; sourceTree = "<group>"; };
		2C813ED5238B24AD001144FF /* Base */ = {isa = PBXFileReference; lastKnownFileType = file.storyboard; name = Base; path = Base.lproj/Main.storyboard; sourceTree = "<group>"; };
		2C813ED7238B24AD001144FF /* Info.plist */ = {isa = PBXFileReference; lastKnownFileType = text.plist.xml; path = Info.plist; sourceTree = "<group>"; };
		2C813ED8238B24AD001144FF /* SimpleApp.entitlements */ = {isa = PBXFileReference; lastKnownFileType = text.plist.entitlements; path = SimpleApp.entitlements; sourceTree = "<group>"; };
		2C813EDD238B24AE001144FF /* SimpleAppTests.xctest */ = {isa = PBXFileReference; explicitFileType = wrapper.cfbundle; includeInIndex = 0; path = SimpleAppTests.xctest; sourceTree = BUILT_PRODUCTS_DIR; };
		2C813EE1238B24AE001144FF /* SimpleAppTests.swift */ = {isa = PBXFileReference; lastKnownFileType = sourcecode.swift; path = SimpleAppTests.swift; sourceTree = "<group>"; };
		2C813EE3238B24AE001144FF /* Info.plist */ = {isa = PBXFileReference; lastKnownFileType = text.plist.xml; path = Info.plist; sourceTree = "<group>"; };
		2C813EE8238B24AE001144FF /* SimpleAppUITests.xctest */ = {isa = PBXFileReference; explicitFileType = wrapper.cfbundle; includeInIndex = 0; path = SimpleAppUITests.xctest; sourceTree = BUILT_PRODUCTS_DIR; };
		2C813EEC238B24AE001144FF /* SimpleAppUITests.swift */ = {isa = PBXFileReference; lastKnownFileType = sourcecode.swift; path = SimpleAppUITests.swift; sourceTree = "<group>"; };
		2C813EEE238B24AE001144FF /* Info.plist */ = {isa = PBXFileReference; lastKnownFileType = text.plist.xml; path = Info.plist; sourceTree = "<group>"; };
/* End PBXFileReference section */

/* Begin PBXFrameworksBuildPhase section */
		2C813EC5238B24AA001144FF /* Frameworks */ = {
			isa = PBXFrameworksBuildPhase;
			buildActionMask = 2147483647;
			files = (
			);
			runOnlyForDeploymentPostprocessing = 0;
		};
		2C813EDA238B24AE001144FF /* Frameworks */ = {
			isa = PBXFrameworksBuildPhase;
			buildActionMask = 2147483647;
			files = (
			);
			runOnlyForDeploymentPostprocessing = 0;
		};
		2C813EE5238B24AE001144FF /* Frameworks */ = {
			isa = PBXFrameworksBuildPhase;
			buildActionMask = 2147483647;
			files = (
			);
			runOnlyForDeploymentPostprocessing = 0;
		};
/* End PBXFrameworksBuildPhase section */

/* Begin PBXGroup section */
		2C813EBF238B24AA001144FF = {
			isa = PBXGroup;
			children = (
				2C813ECA238B24AA001144FF /* SimpleApp */,
				2C813EE0238B24AE001144FF /* SimpleAppTests */,
				2C813EEB238B24AE001144FF /* SimpleAppUITests */,
				2C813EC9238B24AA001144FF /* Products */,
			);
			sourceTree = "<group>";
		};
		2C813EC9238B24AA001144FF /* Products */ = {
			isa = PBXGroup;
			children = (
				2C813EC8238B24AA001144FF /* SimpleApp.app */,
				2C813EDD238B24AE001144FF /* SimpleAppTests.xctest */,
				2C813EE8238B24AE001144FF /* SimpleAppUITests.xctest */,
			);
			name = Products;
			sourceTree = "<group>";
		};
		2C813ECA238B24AA001144FF /* SimpleApp */ = {
			isa = PBXGroup;
			children = (
				2C813ECB238B24AA001144FF /* AppDelegate.swift */,
				2C813ECD238B24AA001144FF /* ContentView.swift */,
				2C813ECF238B24AD001144FF /* Assets.xcassets */,
				2C813ED4238B24AD001144FF /* Main.storyboard */,
				2C813ED7238B24AD001144FF /* Info.plist */,
				2C813ED8238B24AD001144FF /* SimpleApp.entitlements */,
				2C813ED1238B24AD001144FF /* Preview Content */,
			);
			path = SimpleApp;
			sourceTree = "<group>";
		};
		2C813ED1238B24AD001144FF /* Preview Content */ = {
			isa = PBXGroup;
			children = (
				2C813ED2238B24AD001144FF /* Preview Assets.xcassets */,
			);
			path = "Preview Content";
			sourceTree = "<group>";
		};
		2C813EE0238B24AE001144FF /* SimpleAppTests */ = {
			isa = PBXGroup;
			children = (
				2C813EE1238B24AE001144FF /* SimpleAppTests.swift */,
				2C813EE3238B24AE001144FF /* Info.plist */,
			);
			path = SimpleAppTests;
			sourceTree = "<group>";
		};
		2C813EEB238B24AE001144FF /* SimpleAppUITests */ = {
			isa = PBXGroup;
			children = (
				2C813EEC238B24AE001144FF /* SimpleAppUITests.swift */,
				2C813EEE238B24AE001144FF /* Info.plist */,
			);
			path = SimpleAppUITests;
			sourceTree = "<group>";
		};
/* End PBXGroup section */

/* Begin PBXNativeTarget section */
		2C813EC7238B24AA001144FF /* SimpleApp */ = {
			isa = PBXNativeTarget;
			buildConfigurationList = 2C813EF1238B24AE001144FF /* Build configuration list for PBXNativeTarget "SimpleApp" */;
			buildPhases = (
				2C813EC4238B24AA001144FF /* Sources */,
				2C813EC5238B24AA001144FF /* Frameworks */,
				2C813EC6238B24AA001144FF /* Resources */,
			);
			buildRules = (
			);
			dependencies = (
			);
			name = SimpleApp;
			productName = SimpleApp;
			productReference = 2C813EC8238B24AA001144FF /* SimpleApp.app */;
			productType = "com.apple.product-type.application";
		};
		2C813EDC238B24AE001144FF /* SimpleAppTests */ = {
			isa = PBXNativeTarget;
			buildConfigurationList = 2C813EF4238B24AE001144FF /* Build configuration list for PBXNativeTarget "SimpleAppTests" */;
			buildPhases = (
				2C813ED9238B24AE001144FF /* Sources */,
				2C813EDA238B24AE001144FF /* Frameworks */,
				2C813EDB238B24AE001144FF /* Resources */,
			);
			buildRules = (
			);
			dependencies = (
				2C813EDF238B24AE001144FF /* PBXTargetDependency */,
			);
			name = SimpleAppTests;
			productName = SimpleAppTests;
			productReference = 2C813EDD238B24AE001144FF /* SimpleAppTests.xctest */;
			productType = "com.apple.product-type.bundle.unit-test";
		};
		2C813EE7238B24AE001144FF /* SimpleAppUITests */ = {
			isa = PBXNativeTarget;
			buildConfigurationList = 2C813EF7238B24AE001144FF /* Build configuration list for PBXNativeTarget "SimpleAppUITests" */;
			buildPhases = (
				2C813EE4238B24AE001144FF /* Sources */,
				2C813EE5238B24AE001144FF /* Frameworks */,
				2C813EE6238B24AE001144FF /* Resources */,
			);
			buildRules = (
			);
			dependencies = (
				2C813EEA238B24AE001144FF /* PBXTargetDependency */,
			);
			name = SimpleAppUITests;
			productName = SimpleAppUITests;
			productReference = 2C813EE8238B24AE001144FF /* SimpleAppUITests.xctest */;
			productType = "com.apple.product-type.bundle.ui-testing";
		};
/* End PBXNativeTarget section */

/* Begin PBXProject section */
		2C813EC0238B24AA001144FF /* Project object */ = {
			isa = PBXProject;
			attributes = {
				LastSwiftUpdateCheck = 1120;
				LastUpgradeCheck = 1120;
				ORGANIZATIONNAME = "Silvia Istudor";
				TargetAttributes = {
					2C813EC7238B24AA001144FF = {
						CreatedOnToolsVersion = 11.2.1;
					};
					2C813EDC238B24AE001144FF = {
						CreatedOnToolsVersion = 11.2.1;
						TestTargetID = 2C813EC7238B24AA001144FF;
					};
					2C813EE7238B24AE001144FF = {
						CreatedOnToolsVersion = 11.2.1;
						TestTargetID = 2C813EC7238B24AA001144FF;
					};
				};
			};
			buildConfigurationList = 2C813EC3238B24AA001144FF /* Build configuration list for PBXProject "SimpleApp" */;
			compatibilityVersion = "Xcode 9.3";
			developmentRegion = en;
			hasScannedForEncodings = 0;
			knownRegions = (
				en,
				Base,
			);
			mainGroup = 2C813EBF238B24AA001144FF;
			productRefGroup = 2C813EC9238B24AA001144FF /* Products */;
			projectDirPath = "";
			projectRoot = "";
			targets = (
				2C813EC7238B24AA001144FF /* SimpleApp */,
				2C813EDC238B24AE001144FF /* SimpleAppTests */,
				2C813EE7238B24AE001144FF /* SimpleAppUITests */,
			);
		};
/* End PBXProject section */

/* Begin PBXResourcesBuildPhase section */
		2C813EC6238B24AA001144FF /* Resources */ = {
			isa = PBXResourcesBuildPhase;
			buildActionMask = 2147483647;
			files = (
				2C813ED6238B24AD001144FF /* Main.storyboard in Resources */,
				2C813ED3238B24AD001144FF /* Preview Assets.xcassets in Resources */,
				2C813ED0238B24AD001144FF /* Assets.xcassets in Resources */,
			);
			runOnlyForDeploymentPostprocessing = 0;
		};
		2C813EDB238B24AE001144FF /* Resources */ = {
			isa = PBXResourcesBuildPhase;
			buildActionMask = 2147483647;
			files = (
			);
			runOnlyForDeploymentPostprocessing = 0;
		};
		2C813EE6238B24AE001144FF /* Resources */ = {
			isa = PBXResourcesBuildPhase;
			buildActionMask = 2147483647;
			files = (
			);
			runOnlyForDeploymentPostprocessing = 0;
		};
/* End PBXResourcesBuildPhase section */

/* Begin PBXSourcesBuildPhase section */
		2C813EC4238B24AA001144FF /* Sources */ = {
			isa = PBXSourcesBuildPhase;
			buildActionMask = 2147483647;
			files = (
				2C813ECE238B24AA001144FF /* ContentView.swift in Sources */,
				2C813ECC238B24AA001144FF /* AppDelegate.swift in Sources */,
			);
			runOnlyForDeploymentPostprocessing = 0;
		};
		2C813ED9238B24AE001144FF /* Sources */ = {
			isa = PBXSourcesBuildPhase;
			buildActionMask = 2147483647;
			files = (
				2C813EE2238B24AE001144FF /* SimpleAppTests.swift in Sources */,
			);
			runOnlyForDeploymentPostprocessing = 0;
		};
		2C813EE4238B24AE001144FF /* Sources */ = {
			isa = PBXSourcesBuildPhase;
			buildActionMask = 2147483647;
			files = (
				2C813EED238B24AE001144FF /* SimpleAppUITests.swift in Sources */,
			);
			runOnlyForDeploymentPostprocessing = 0;
		};
/* End PBXSourcesBuildPhase section */

/* Begin PBXTargetDependency section */
		2C813EDF238B24AE001144FF /* PBXTargetDependency */ = {
			isa = PBXTargetDependency;
			target = 2C813EC7238B24AA001144FF /* SimpleApp */;
			targetProxy = 2C813EDE238B24AE001144FF /* PBXContainerItemProxy */;
		};
		2C813EEA238B24AE001144FF /* PBXTargetDependency */ = {
			isa = PBXTargetDependency;
			target = 2C813EC7238B24AA001144FF /* SimpleApp */;
			targetProxy = 2C813EE9238B24AE001144FF /* PBXContainerItemProxy */;
		};
/* End PBXTargetDependency section */

/* Begin PBXVariantGroup section */
		2C813ED4238B24AD001144FF /* Main.storyboard */ = {
			isa = PBXVariantGroup;
			children = (
				2C813ED5238B24AD001144FF /* Base */,
			);
			name = Main.storyboard;
			sourceTree = "<group>";
		};
/* End PBXVariantGroup section */

/* Begin XCBuildConfiguration section */
		2C813EEF238B24AE001144FF /* Debug */ = {
			isa = XCBuildConfiguration;
			buildSettings = {
				ALWAYS_SEARCH_USER_PATHS = NO;
				CLANG_ANALYZER_NONNULL = YES;
				CLANG_ANALYZER_NUMBER_OBJECT_CONVERSION = YES_AGGRESSIVE;
				CLANG_CXX_LANGUAGE_STANDARD = "gnu++14";
				CLANG_CXX_LIBRARY = "libc++";
				CLANG_ENABLE_MODULES = YES;
				CLANG_ENABLE_OBJC_ARC = YES;
				CLANG_ENABLE_OBJC_WEAK = YES;
				CLANG_WARN_BLOCK_CAPTURE_AUTORELEASING = YES;
				CLANG_WARN_BOOL_CONVERSION = YES;
				CLANG_WARN_COMMA = YES;
				CLANG_WARN_CONSTANT_CONVERSION = YES;
				CLANG_WARN_DEPRECATED_OBJC_IMPLEMENTATIONS = YES;
				CLANG_WARN_DIRECT_OBJC_ISA_USAGE = YES_ERROR;
				CLANG_WARN_DOCUMENTATION_COMMENTS = YES;
				CLANG_WARN_EMPTY_BODY = YES;
				CLANG_WARN_ENUM_CONVERSION = YES;
				CLANG_WARN_INFINITE_RECURSION = YES;
				CLANG_WARN_INT_CONVERSION = YES;
				CLANG_WARN_NON_LITERAL_NULL_CONVERSION = YES;
				CLANG_WARN_OBJC_IMPLICIT_RETAIN_SELF = YES;
				CLANG_WARN_OBJC_LITERAL_CONVERSION = YES;
				CLANG_WARN_OBJC_ROOT_CLASS = YES_ERROR;
				CLANG_WARN_RANGE_LOOP_ANALYSIS = YES;
				CLANG_WARN_STRICT_PROTOTYPES = YES;
				CLANG_WARN_SUSPICIOUS_MOVE = YES;
				CLANG_WARN_UNGUARDED_AVAILABILITY = YES_AGGRESSIVE;
				CLANG_WARN_UNREACHABLE_CODE = YES;
				CLANG_WARN__DUPLICATE_METHOD_MATCH = YES;
				COPY_PHASE_STRIP = NO;
				DEBUG_INFORMATION_FORMAT = dwarf;
				ENABLE_STRICT_OBJC_MSGSEND = YES;
				ENABLE_TESTABILITY = YES;
				GCC_C_LANGUAGE_STANDARD = gnu11;
				GCC_DYNAMIC_NO_PIC = NO;
				GCC_NO_COMMON_BLOCKS = YES;
				GCC_OPTIMIZATION_LEVEL = 0;
				GCC_PREPROCESSOR_DEFINITIONS = (
					"DEBUG=1",
					"$(inherited)",
				);
				GCC_WARN_64_TO_32_BIT_CONVERSION = YES;
				GCC_WARN_ABOUT_RETURN_TYPE = YES_ERROR;
				GCC_WARN_UNDECLARED_SELECTOR = YES;
				GCC_WARN_UNINITIALIZED_AUTOS = YES_AGGRESSIVE;
				GCC_WARN_UNUSED_FUNCTION = YES;
				GCC_WARN_UNUSED_VARIABLE = YES;
				MACOSX_DEPLOYMENT_TARGET = 10.15;
				MTL_ENABLE_DEBUG_INFO = INCLUDE_SOURCE;
				MTL_FAST_MATH = YES;
				ONLY_ACTIVE_ARCH = YES;
				SDKROOT = macosx;
				SWIFT_ACTIVE_COMPILATION_CONDITIONS = DEBUG;
				SWIFT_OPTIMIZATION_LEVEL = "-Onone";
			};
			name = Debug;
		};
		2C813EF0238B24AE001144FF /* Release */ = {
			isa = XCBuildConfiguration;
			buildSettings = {
				ALWAYS_SEARCH_USER_PATHS = NO;
				CLANG_ANALYZER_NONNULL = YES;
				CLANG_ANALYZER_NUMBER_OBJECT_CONVERSION = YES_AGGRESSIVE;
				CLANG_CXX_LANGUAGE_STANDARD = "gnu++14";
				CLANG_CXX_LIBRARY = "libc++";
				CLANG_ENABLE_MODULES = YES;
				CLANG_ENABLE_OBJC_ARC = YES;
				CLANG_ENABLE_OBJC_WEAK = YES;
				CLANG_WARN_BLOCK_CAPTURE_AUTORELEASING = YES;
				CLANG_WARN_BOOL_CONVERSION = YES;
				CLANG_WARN_COMMA = YES;
				CLANG_WARN_CONSTANT_CONVERSION = YES;
				CLANG_WARN_DEPRECATED_OBJC_IMPLEMENTATIONS = YES;
				CLANG_WARN_DIRECT_OBJC_ISA_USAGE = YES_ERROR;
				CLANG_WARN_DOCUMENTATION_COMMENTS = YES;
				CLANG_WARN_EMPTY_BODY = YES;
				CLANG_WARN_ENUM_CONVERSION = YES;
				CLANG_WARN_INFINITE_RECURSION = YES;
				CLANG_WARN_INT_CONVERSION = YES;
				CLANG_WARN_NON_LITERAL_NULL_CONVERSION = YES;
				CLANG_WARN_OBJC_IMPLICIT_RETAIN_SELF = YES;
				CLANG_WARN_OBJC_LITERAL_CONVERSION = YES;
				CLANG_WARN_OBJC_ROOT_CLASS = YES_ERROR;
				CLANG_WARN_RANGE_LOOP_ANALYSIS = YES;
				CLANG_WARN_STRICT_PROTOTYPES = YES;
				CLANG_WARN_SUSPICIOUS_MOVE = YES;
				CLANG_WARN_UNGUARDED_AVAILABILITY = YES_AGGRESSIVE;
				CLANG_WARN_UNREACHABLE_CODE = YES;
				CLANG_WARN__DUPLICATE_METHOD_MATCH = YES;
				COPY_PHASE_STRIP = NO;
				DEBUG_INFORMATION_FORMAT = "dwarf-with-dsym";
				ENABLE_NS_ASSERTIONS = NO;
				ENABLE_STRICT_OBJC_MSGSEND = YES;
				GCC_C_LANGUAGE_STANDARD = gnu11;
				GCC_NO_COMMON_BLOCKS = YES;
				GCC_WARN_64_TO_32_BIT_CONVERSION = YES;
				GCC_WARN_ABOUT_RETURN_TYPE = YES_ERROR;
				GCC_WARN_UNDECLARED_SELECTOR = YES;
				GCC_WARN_UNINITIALIZED_AUTOS = YES_AGGRESSIVE;
				GCC_WARN_UNUSED_FUNCTION = YES;
				GCC_WARN_UNUSED_VARIABLE = YES;
				MACOSX_DEPLOYMENT_TARGET = 10.15;
				MTL_ENABLE_DEBUG_INFO = NO;
				MTL_FAST_MATH = YES;
				SDKROOT = macosx;
				SWIFT_COMPILATION_MODE = wholemodule;
				SWIFT_OPTIMIZATION_LEVEL = "-O";
			};
			name = Release;
		};
		2C813EF2238B24AE001144FF /* Debug */ = {
			isa = XCBuildConfiguration;
			buildSettings = {
				ASSETCATALOG_COMPILER_APPICON_NAME = AppIcon;
				CODE_SIGN_ENTITLEMENTS = SimpleApp/SimpleApp.entitlements;
				CODE_SIGN_STYLE = Automatic;
				COMBINE_HIDPI_IMAGES = YES;
				DEVELOPMENT_ASSET_PATHS = "\"SimpleApp/Preview Content\"";
				ENABLE_PREVIEWS = YES;
				INFOPLIST_FILE = SimpleApp/Info.plist;
				LD_RUNPATH_SEARCH_PATHS = (
					"$(inherited)",
					"@executable_path/../Frameworks",
				);
				MACOSX_DEPLOYMENT_TARGET = 10.15;
				PRODUCT_BUNDLE_IDENTIFIER = command.SimpleApp;
				PRODUCT_NAME = "$(TARGET_NAME)";
				SWIFT_VERSION = 5.0;
			};
			name = Debug;
		};
		2C813EF3238B24AE001144FF /* Release */ = {
			isa = XCBuildConfiguration;
			buildSettings = {
				ASSETCATALOG_COMPILER_APPICON_NAME = AppIcon;
				CODE_SIGN_ENTITLEMENTS = SimpleApp/SimpleApp.entitlements;
				CODE_SIGN_STYLE = Automatic;
				COMBINE_HIDPI_IMAGES = YES;
				DEVELOPMENT_ASSET_PATHS = "\"SimpleApp/Preview Content\"";
				ENABLE_PREVIEWS = YES;
				INFOPLIST_FILE = SimpleApp/Info.plist;
				LD_RUNPATH_SEARCH_PATHS = (
					"$(inherited)",
					"@executable_path/../Frameworks",
				);
				MACOSX_DEPLOYMENT_TARGET = 10.15;
				PRODUCT_BUNDLE_IDENTIFIER = command.SimpleApp;
				PRODUCT_NAME = "$(TARGET_NAME)";
				SWIFT_VERSION = 5.0;
			};
			name = Release;
		};
		2C813EF5238B24AE001144FF /* Debug */ = {
			isa = XCBuildConfiguration;
			buildSettings = {
				ALWAYS_EMBED_SWIFT_STANDARD_LIBRARIES = YES;
				BUNDLE_LOADER = "$(TEST_HOST)";
				CODE_SIGN_STYLE = Automatic;
				COMBINE_HIDPI_IMAGES = YES;
				INFOPLIST_FILE = SimpleAppTests/Info.plist;
				LD_RUNPATH_SEARCH_PATHS = (
					"$(inherited)",
					"@executable_path/../Frameworks",
					"@loader_path/../Frameworks",
				);
				MACOSX_DEPLOYMENT_TARGET = 10.15;
				PRODUCT_BUNDLE_IDENTIFIER = command.SimpleAppTests;
				PRODUCT_NAME = "$(TARGET_NAME)";
				SWIFT_VERSION = 5.0;
				TEST_HOST = "$(BUILT_PRODUCTS_DIR)/SimpleApp.app/Contents/MacOS/SimpleApp";
			};
			name = Debug;
		};
		2C813EF6238B24AE001144FF /* Release */ = {
			isa = XCBuildConfiguration;
			buildSettings = {
				ALWAYS_EMBED_SWIFT_STANDARD_LIBRARIES = YES;
				BUNDLE_LOADER = "$(TEST_HOST)";
				CODE_SIGN_STYLE = Automatic;
				COMBINE_HIDPI_IMAGES = YES;
				INFOPLIST_FILE = SimpleAppTests/Info.plist;
				LD_RUNPATH_SEARCH_PATHS = (
					"$(inherited)",
					"@executable_path/../Frameworks",
					"@loader_path/../Frameworks",
				);
				MACOSX_DEPLOYMENT_TARGET = 10.15;
				PRODUCT_BUNDLE_IDENTIFIER = command.SimpleAppTests;
				PRODUCT_NAME = "$(TARGET_NAME)";
				SWIFT_VERSION = 5.0;
				TEST_HOST = "$(BUILT_PRODUCTS_DIR)/SimpleApp.app/Contents/MacOS/SimpleApp";
			};
			name = Release;
		};
		2C813EF8238B24AE001144FF /* Debug */ = {
			isa = XCBuildConfiguration;
			buildSettings = {
				ALWAYS_EMBED_SWIFT_STANDARD_LIBRARIES = YES;
				CODE_SIGN_STYLE = Automatic;
				COMBINE_HIDPI_IMAGES = YES;
				INFOPLIST_FILE = SimpleAppUITests/Info.plist;
				LD_RUNPATH_SEARCH_PATHS = (
					"$(inherited)",
					"@executable_path/../Frameworks",
					"@loader_path/../Frameworks",
				);
				PRODUCT_BUNDLE_IDENTIFIER = command.SimpleAppUITests;
				PRODUCT_NAME = "$(TARGET_NAME)";
				SWIFT_VERSION = 5.0;
				TEST_TARGET_NAME = SimpleApp;
			};
			name = Debug;
		};
		2C813EF9238B24AE001144FF /* Release */ = {
			isa = XCBuildConfiguration;
			buildSettings = {
				ALWAYS_EMBED_SWIFT_STANDARD_LIBRARIES = YES;
				CODE_SIGN_STYLE = Automatic;
				COMBINE_HIDPI_IMAGES = YES;
				INFOPLIST_FILE = SimpleAppUITests/Info.plist;
				LD_RUNPATH_SEARCH_PATHS = (
					"$(inherited)",
					"@executable_path/../Frameworks",
					"@loader_path/../Frameworks",
				);
				PRODUCT_BUNDLE_IDENTIFIER = command.SimpleAppUITests;
				PRODUCT_NAME = "$(TARGET_NAME)";
				SWIFT_VERSION = 5.0;
				TEST_TARGET_NAME = SimpleApp;
			};
			name = Release;
		};
/* End XCBuildConfiguration section */

/* Begin XCConfigurationList section */
		2C813EC3238B24AA001144FF /* Build configuration list for PBXProject "SimpleApp" */ = {
			isa = XCConfigurationList;
			buildConfigurations = (
				2C813EEF238B24AE001144FF /* Debug */,
				2C813EF0238B24AE001144FF /* Release */,
			);
			defaultConfigurationIsVisible = 0;
			defaultConfigurationName = Release;
		};
		2C813EF1238B24AE001144FF /* Build configuration list for PBXNativeTarget "SimpleApp" */ = {
			isa = XCConfigurationList;
			buildConfigurations = (
				2C813EF2238B24AE001144FF /* Debug */,
				2C813EF3238B24AE001144FF /* Release */,
			);
			defaultConfigurationIsVisible = 0;
			defaultConfigurationName = Release;
		};
		2C813EF4238B24AE001144FF /* Build configuration list for PBXNativeTarget "SimpleAppTests" */ = {
			isa = XCConfigurationList;
			buildConfigurations = (
				2C813EF5238B24AE001144FF /* Debug */,
				2C813EF6238B24AE001144FF /* Release */,
			);
			defaultConfigurationIsVisible = 0;
			defaultConfigurationName = Release;
		};
		2C813EF7238B24AE001144FF /* Build configuration list for PBXNativeTarget "SimpleAppUITests" */ = {
			isa = XCConfigurationList;
			buildConfigurations = (
				2C813EF8238B24AE001144FF /* Debug */,
				2C813EF9238B24AE001144FF /* Release */,
			);
			defaultConfigurationIsVisible = 0;
			defaultConfigurationName = Release;
		};
/* End XCConfigurationList section */
	};
	rootObject = 2C813EC0238B24AA001144FF /* Project object */;
}
